
Microsoft Visual Studio Solution File, Format Version 12.00
# Visual Studio 15
VisualStudioVersion = 15.0.27703.2042
MinimumVisualStudioVersion = 10.0.40219.1
Project("{FAE04EC0-301F-11D3-BF4B-00C04F79EFBC}") = "SiteWebMvc", "SiteWebMvc\SiteWebMvc.csproj", "{B8F2079C-1A4D-4E93-BE4B-589758B9841A}"
EndProject
Global
	GlobalSection(SolutionConfigurationPlatforms) = preSolution
		Debug|Any CPU = Debug|Any CPU
		Release|Any CPU = Release|Any CPU
	EndGlobalSection
	GlobalSection(ProjectConfigurationPlatforms) = postSolution
		{B8F2079C-1A4D-4E93-BE4B-589758B9841A}.Debug|Any CPU.ActiveCfg = Debug|Any CPU
		{B8F2079C-1A4D-4E93-BE4B-589758B9841A}.Debug|Any CPU.Build.0 = Debug|Any CPU
		{B8F2079C-1A4D-4E93-BE4B-589758B9841A}.Release|Any CPU.ActiveCfg = Release|Any CPU
		{B8F2079C-1A4D-4E93-BE4B-589758B9841A}.Release|Any CPU.Build.0 = Release|Any CPU
	EndGlobalSection
	GlobalSection(SolutionProperties) = preSolution
		HideSolutionNode = FALSE
	EndGlobalSection
	GlobalSection(ExtensibilityGlobals) = postSolution
		SolutionGuid = {75812FA9-B134-4145-8AE5-19D08DDECD14}
	EndGlobalSection
EndGlobal
